
Microsoft Visual Studio Solution File, Format Version 12.00
# Visual Studio 14
VisualStudioVersion = 14.0.23107.0
MinimumVisualStudioVersion = 10.0.40219.1
Project("{FAE04EC0-301F-11D3-BF4B-00C04F79EFBC}") = "OurFirstWindowsForm", "OurFirstWindowsForm\OurFirstWindowsForm.csproj", "{4C71347C-E0A6-4ADC-999A-D27397D791BB}"
EndProject
Project("{FAE04EC0-301F-11D3-BF4B-00C04F79EFBC}") = "OurFirstForm", "OurFirstForm\OurFirstForm.csproj", "{47D6FB16-6761-44FD-BDC3-21AFCC44FAB0}"
EndProject
Global
	GlobalSection(SolutionConfigurationPlatforms) = preSolution
		Debug|Any CPU = Debug|Any CPU
		Release|Any CPU = Release|Any CPU
	EndGlobalSection
	GlobalSection(ProjectConfigurationPlatforms) = postSolution
		{4C71347C-E0A6-4ADC-999A-D27397D791BB}.Debug|Any CPU.ActiveCfg = Debug|Any CPU
		{4C71347C-E0A6-4ADC-999A-D27397D791BB}.Debug|Any CPU.Build.0 = Debug|Any CPU
		{4C71347C-E0A6-4ADC-999A-D27397D791BB}.Release|Any CPU.ActiveCfg = Release|Any CPU
		{4C71347C-E0A6-4ADC-999A-D27397D791BB}.Release|Any CPU.Build.0 = Release|Any CPU
		{47D6FB16-6761-44FD-BDC3-21AFCC44FAB0}.Debug|Any CPU.ActiveCfg = Debug|Any CPU
		{47D6FB16-6761-44FD-BDC3-21AFCC44FAB0}.Debug|Any CPU.Build.0 = Debug|Any CPU
		{47D6FB16-6761-44FD-BDC3-21AFCC44FAB0}.Release|Any CPU.ActiveCfg = Release|Any CPU
		{47D6FB16-6761-44FD-BDC3-21AFCC44FAB0}.Release|Any CPU.Build.0 = Release|Any CPU
	EndGlobalSection
	GlobalSection(SolutionProperties) = preSolution
		HideSolutionNode = FALSE
	EndGlobalSection
EndGlobal
