
Microsoft Visual Studio Solution File, Format Version 12.00
# Visual Studio 14
VisualStudioVersion = 14.0.23107.0
MinimumVisualStudioVersion = 10.0.40219.1
Project("{FAE04EC0-301F-11D3-BF4B-00C04F79EFBC}") = "HelloWorldWildeWeb", "HelloWorldWildeWeb\HelloWorldWildeWeb.csproj", "{F2048D7C-F73F-45B0-A89F-D67E3C810EBA}"
EndProject
Project("{FAE04EC0-301F-11D3-BF4B-00C04F79EFBC}") = "OtherEventsAndControls", "OtherEventsAndControls\OtherEventsAndControls.csproj", "{BBB1DBC0-7072-4C3A-B3A1-8F8064DF8409}"
EndProject
Global
	GlobalSection(SolutionConfigurationPlatforms) = preSolution
		Debug|Any CPU = Debug|Any CPU
		Release|Any CPU = Release|Any CPU
	EndGlobalSection
	GlobalSection(ProjectConfigurationPlatforms) = postSolution
		{F2048D7C-F73F-45B0-A89F-D67E3C810EBA}.Debug|Any CPU.ActiveCfg = Debug|Any CPU
		{F2048D7C-F73F-45B0-A89F-D67E3C810EBA}.Debug|Any CPU.Build.0 = Debug|Any CPU
		{F2048D7C-F73F-45B0-A89F-D67E3C810EBA}.Release|Any CPU.ActiveCfg = Release|Any CPU
		{F2048D7C-F73F-45B0-A89F-D67E3C810EBA}.Release|Any CPU.Build.0 = Release|Any CPU
		{BBB1DBC0-7072-4C3A-B3A1-8F8064DF8409}.Debug|Any CPU.ActiveCfg = Debug|Any CPU
		{BBB1DBC0-7072-4C3A-B3A1-8F8064DF8409}.Debug|Any CPU.Build.0 = Debug|Any CPU
		{BBB1DBC0-7072-4C3A-B3A1-8F8064DF8409}.Release|Any CPU.ActiveCfg = Release|Any CPU
		{BBB1DBC0-7072-4C3A-B3A1-8F8064DF8409}.Release|Any CPU.Build.0 = Release|Any CPU
	EndGlobalSection
	GlobalSection(SolutionProperties) = preSolution
		HideSolutionNode = FALSE
	EndGlobalSection
EndGlobal
